// !$*UTF8*$!
{
	archiveVersion = 1;
	classes = {
	};
	objectVersion = 46;
	objects = {

/* Begin PBXBuildFile section */
		F8A5F7411D4F218C000BC271 /* main.m in Sources */ = {isa = PBXBuildFile; fileRef = F8A5F7401D4F218C000BC271 /* main.m */; };
		F8A5F7441D4F218C000BC271 /* AppDelegate.m in Sources */ = {isa = PBXBuildFile; fileRef = F8A5F7431D4F218C000BC271 /* AppDelegate.m */; };
		F8A5F7471D4F218C000BC271 /* ViewController.m in Sources */ = {isa = PBXBuildFile; fileRef = F8A5F7461D4F218C000BC271 /* ViewController.m */; };
		F8A5F74A1D4F218D000BC271 /* Main.storyboard in Resources */ = {isa = PBXBuildFile; fileRef = F8A5F7481D4F218D000BC271 /* Main.storyboard */; };
		F8A5F74C1D4F218D000BC271 /* Assets.xcassets in Resources */ = {isa = PBXBuildFile; fileRef = F8A5F74B1D4F218D000BC271 /* Assets.xcassets */; };
		F8A5F74F1D4F218D000BC271 /* LaunchScreen.storyboard in Resources */ = {isa = PBXBuildFile; fileRef = F8A5F74D1D4F218D000BC271 /* LaunchScreen.storyboard */; };
		F8A5F7581D4F2982000BC271 /* ViewController2.m in Sources */ = {isa = PBXBuildFile; fileRef = F8A5F7571D4F2982000BC271 /* ViewController2.m */; };
/* End PBXBuildFile section */

/* Begin PBXFileReference section */
		F8A5F73C1D4F218C000BC271 /* RetainCycle.app */ = {isa = PBXFileReference; explicitFileType = wrapper.application; includeInIndex = 0; path = RetainCycle.app; sourceTree = BUILT_PRODUCTS_DIR; };
		F8A5F7401D4F218C000BC271 /* main.m */ = {isa = PBXFileReference; lastKnownFileType = sourcecode.c.objc; path = main.m; sourceTree = "<group>"; };
		F8A5F7421D4F218C000BC271 /* AppDelegate.h */ = {isa = PBXFileReference; lastKnownFileType = sourcecode.c.h; path = AppDelegate.h; sourceTree = "<group>"; };
		F8A5F7431D4F218C000BC271 /* AppDelegate.m */ = {isa = PBXFileReference; lastKnownFileType = sourcecode.c.objc; path = AppDelegate.m; sourceTree = "<group>"; };
		F8A5F7451D4F218C000BC271 /* ViewController.h */ = {isa = PBXFileReference; lastKnownFileType = sourcecode.c.h; path = ViewController.h; sourceTree = "<group>"; };
		F8A5F7461D4F218C000BC271 /* ViewController.m */ = {isa = PBXFileReference; lastKnownFileType = sourcecode.c.objc; path = ViewController.m; sourceTree = "<group>"; };
		F8A5F7491D4F218D000BC271 /* Base */ = {isa = PBXFileReference; lastKnownFileType = file.storyboard; name = Base; path = Base.lproj/Main.storyboard; sourceTree = "<group>"; };
		F8A5F74B1D4F218D000BC271 /* Assets.xcassets */ = {isa = PBXFileReference; lastKnownFileType = folder.assetcatalog; path = Assets.xcassets; sourceTree = "<group>"; };
		F8A5F74E1D4F218D000BC271 /* Base */ = {isa = PBXFileReference; lastKnownFileType = file.storyboard; name = Base; path = Base.lproj/LaunchScreen.storyboard; sourceTree = "<group>"; };
		F8A5F7501D4F218D000BC271 /* Info.plist */ = {isa = PBXFileReference; lastKnownFileType = text.plist.xml; path = Info.plist; sourceTree = "<group>"; };
		F8A5F7561D4F2982000BC271 /* ViewController2.h */ = {isa = PBXFileReference; fileEncoding = 4; lastKnownFileType = sourcecode.c.h; path = ViewController2.h; sourceTree = "<group>"; };
		F8A5F7571D4F2982000BC271 /* ViewController2.m */ = {isa = PBXFileReference; fileEncoding = 4; lastKnownFileType = sourcecode.c.objc; path = ViewController2.m; sourceTree = "<group>"; };
/* End PBXFileReference section */

/* Begin PBXFrameworksBuildPhase section */
		F8A5F7391D4F218C000BC271 /* Frameworks */ = {
			isa = PBXFrameworksBuildPhase;
			buildActionMask = 2147483647;
			files = (
			);
			runOnlyForDeploymentPostprocessing = 0;
		};
/* End PBXFrameworksBuildPhase section */

/* Begin PBXGroup section */
		F8A5F7331D4F218C000BC271 = {
			isa = PBXGroup;
			children = (
				F8A5F73E1D4F218C000BC271 /* RetainCycle */,
				F8A5F73D1D4F218C000BC271 /* Products */,
			);
			sourceTree = "<group>";
		};
		F8A5F73D1D4F218C000BC271 /* Products */ = {
			isa = PBXGroup;
			children = (
				F8A5F73C1D4F218C000BC271 /* RetainCycle.app */,
			);
			name = Products;
			sourceTree = "<group>";
		};
		F8A5F73E1D4F218C000BC271 /* RetainCycle */ = {
			isa = PBXGroup;
			children = (
				F8A5F7421D4F218C000BC271 /* AppDelegate.h */,
				F8A5F7431D4F218C000BC271 /* AppDelegate.m */,
				F8A5F7451D4F218C000BC271 /* ViewController.h */,
				F8A5F7461D4F218C000BC271 /* ViewController.m */,
				F8A5F7561D4F2982000BC271 /* ViewController2.h */,
				F8A5F7571D4F2982000BC271 /* ViewController2.m */,
				F8A5F7481D4F218D000BC271 /* Main.storyboard */,
				F8A5F74B1D4F218D000BC271 /* Assets.xcassets */,
				F8A5F74D1D4F218D000BC271 /* LaunchScreen.storyboard */,
				F8A5F7501D4F218D000BC271 /* Info.plist */,
				F8A5F73F1D4F218C000BC271 /* Supporting Files */,
			);
			path = RetainCycle;
			sourceTree = "<group>";
		};
		F8A5F73F1D4F218C000BC271 /* Supporting Files */ = {
			isa = PBXGroup;
			children = (
				F8A5F7401D4F218C000BC271 /* main.m */,
			);
			name = "Supporting Files";
			sourceTree = "<group>";
		};
/* End PBXGroup section */

/* Begin PBXNativeTarget section */
		F8A5F73B1D4F218C000BC271 /* RetainCycle */ = {
			isa = PBXNativeTarget;
			buildConfigurationList = F8A5F7531D4F218D000BC271 /* Build configuration list for PBXNativeTarget "RetainCycle" */;
			buildPhases = (
				F8A5F7381D4F218C000BC271 /* Sources */,
				F8A5F7391D4F218C000BC271 /* Frameworks */,
				F8A5F73A1D4F218C000BC271 /* Resources */,
			);
			buildRules = (
			);
			dependencies = (
			);
			name = RetainCycle;
			productName = RetainCycle;
			productReference = F8A5F73C1D4F218C000BC271 /* RetainCycle.app */;
			productType = "com.apple.product-type.application";
		};
/* End PBXNativeTarget section */

/* Begin PBXProject section */
		F8A5F7341D4F218C000BC271 /* Project object */ = {
			isa = PBXProject;
			attributes = {
				LastUpgradeCheck = 0730;
				ORGANIZATIONNAME = "Sharma Jitesh";
				TargetAttributes = {
					F8A5F73B1D4F218C000BC271 = {
						CreatedOnToolsVersion = 7.3.1;
					};
				};
			};
			buildConfigurationList = F8A5F7371D4F218C000BC271 /* Build configuration list for PBXProject "RetainCycle" */;
			compatibilityVersion = "Xcode 3.2";
			developmentRegion = English;
			hasScannedForEncodings = 0;
			knownRegions = (
				en,
				Base,
			);
			mainGroup = F8A5F7331D4F218C000BC271;
			productRefGroup = F8A5F73D1D4F218C000BC271 /* Products */;
			projectDirPath = "";
			projectRoot = "";
			targets = (
				F8A5F73B1D4F218C000BC271 /* RetainCycle */,
			);
		};
/* End PBXProject section */

/* Begin PBXResourcesBuildPhase section */
		F8A5F73A1D4F218C000BC271 /* Resources */ = {
			isa = PBXResourcesBuildPhase;
			buildActionMask = 2147483647;
			files = (
				F8A5F74F1D4F218D000BC271 /* LaunchScreen.storyboard in Resources */,
				F8A5F74C1D4F218D000BC271 /* Assets.xcassets in Resources */,
				F8A5F74A1D4F218D000BC271 /* Main.storyboard in Resources */,
			);
			runOnlyForDeploymentPostprocessing = 0;
		};
/* End PBXResourcesBuildPhase section */

/* Begin PBXSourcesBuildPhase section */
		F8A5F7381D4F218C000BC271 /* Sources */ = {
			isa = PBXSourcesBuildPhase;
			buildActionMask = 2147483647;
			files = (
				F8A5F7471D4F218C000BC271 /* ViewController.m in Sources */,
				F8A5F7581D4F2982000BC271 /* ViewController2.m in Sources */,
				F8A5F7441D4F218C000BC271 /* AppDelegate.m in Sources */,
				F8A5F7411D4F218C000BC271 /* main.m in Sources */,
			);
			runOnlyForDeploymentPostprocessing = 0;
		};
/* End PBXSourcesBuildPhase section */

/* Begin PBXVariantGroup section */
		F8A5F7481D4F218D000BC271 /* Main.storyboard */ = {
			isa = PBXVariantGroup;
			children = (
				F8A5F7491D4F218D000BC271 /* Base */,
			);
			name = Main.storyboard;
			sourceTree = "<group>";
		};
		F8A5F74D1D4F218D000BC271 /* LaunchScreen.storyboard */ = {
			isa = PBXVariantGroup;
			children = (
				F8A5F74E1D4F218D000BC271 /* Base */,
			);
			name = LaunchScreen.storyboard;
			sourceTree = "<group>";
		};
/* End PBXVariantGroup section */

/* Begin XCBuildConfiguration section */
		F8A5F7511D4F218D000BC271 /* Debug */ = {
			isa = XCBuildConfiguration;
			buildSettings = {
				ALWAYS_SEARCH_USER_PATHS = NO;
				CLANG_ANALYZER_NONNULL = YES;
				CLANG_CXX_LANGUAGE_STANDARD = "gnu++0x";
				CLANG_CXX_LIBRARY = "libc++";
				CLANG_ENABLE_MODULES = YES;
				CLANG_ENABLE_OBJC_ARC = YES;
				CLANG_WARN_BOOL_CONVERSION = YES;
				CLANG_WARN_CONSTANT_CONVERSION = YES;
				CLANG_WARN_DIRECT_OBJC_ISA_USAGE = YES_ERROR;
				CLANG_WARN_EMPTY_BODY = YES;
				CLANG_WARN_ENUM_CONVERSION = YES;
				CLANG_WARN_INT_CONVERSION = YES;
				CLANG_WARN_OBJC_ROOT_CLASS = YES_ERROR;
				CLANG_WARN_UNREACHABLE_CODE = YES;
				CLANG_WARN__DUPLICATE_METHOD_MATCH = YES;
				"CODE_SIGN_IDENTITY[sdk=iphoneos*]" = "iPhone Developer";
				COPY_PHASE_STRIP = NO;
				DEBUG_INFORMATION_FORMAT = dwarf;
				ENABLE_STRICT_OBJC_MSGSEND = YES;
				ENABLE_TESTABILITY = YES;
				GCC_C_LANGUAGE_STANDARD = gnu99;
				GCC_DYNAMIC_NO_PIC = NO;
				GCC_NO_COMMON_BLOCKS = YES;
				GCC_OPTIMIZATION_LEVEL = 0;
				GCC_PREPROCESSOR_DEFINITIONS = (
					"DEBUG=1",
					"$(inherited)",
				);
				GCC_WARN_64_TO_32_BIT_CONVERSION = YES;
				GCC_WARN_ABOUT_RETURN_TYPE = YES_ERROR;
				GCC_WARN_UNDECLARED_SELECTOR = YES;
				GCC_WARN_UNINITIALIZED_AUTOS = YES_AGGRESSIVE;
				GCC_WARN_UNUSED_FUNCTION = YES;
				GCC_WARN_UNUSED_VARIABLE = YES;
				IPHONEOS_DEPLOYMENT_TARGET = 9.3;
				MTL_ENABLE_DEBUG_INFO = YES;
				ONLY_ACTIVE_ARCH = YES;
				SDKROOT = iphoneos;
				TARGETED_DEVICE_FAMILY = 2;
			};
			name = Debug;
		};
		F8A5F7521D4F218D000BC271 /* Release */ = {
			isa = XCBuildConfiguration;
			buildSettings = {
				ALWAYS_SEARCH_USER_PATHS = NO;
				CLANG_ANALYZER_NONNULL = YES;
				CLANG_CXX_LANGUAGE_STANDARD = "gnu++0x";
				CLANG_CXX_LIBRARY = "libc++";
				CLANG_ENABLE_MODULES = YES;
				CLANG_ENABLE_OBJC_ARC = YES;
				CLANG_WARN_BOOL_CONVERSION = YES;
				CLANG_WARN_CONSTANT_CONVERSION = YES;
				CLANG_WARN_DIRECT_OBJC_ISA_USAGE = YES_ERROR;
				CLANG_WARN_EMPTY_BODY = YES;
				CLANG_WARN_ENUM_CONVERSION = YES;
				CLANG_WARN_INT_CONVERSION = YES;
				CLANG_WARN_OBJC_ROOT_CLASS = YES_ERROR;
				CLANG_WARN_UNREACHABLE_CODE = YES;
				CLANG_WARN__DUPLICATE_METHOD_MATCH = YES;
				"CODE_SIGN_IDENTITY[sdk=iphoneos*]" = "iPhone Developer";
				COPY_PHASE_STRIP = NO;
				DEBUG_INFORMATION_FORMAT = "dwarf-with-dsym";
				ENABLE_NS_ASSERTIONS = NO;
				ENABLE_STRICT_OBJC_MSGSEND = YES;
				GCC_C_LANGUAGE_STANDARD = gnu99;
				GCC_NO_COMMON_BLOCKS = YES;
				GCC_WARN_64_TO_32_BIT_CONVERSION = YES;
				GCC_WARN_ABOUT_RETURN_TYPE = YES_ERROR;
				GCC_WARN_UNDECLARED_SELECTOR = YES;
				GCC_WARN_UNINITIALIZED_AUTOS = YES_AGGRESSIVE;
				GCC_WARN_UNUSED_FUNCTION = YES;
				GCC_WARN_UNUSED_VARIABLE = YES;
				IPHONEOS_DEPLOYMENT_TARGET = 9.3;
				MTL_ENABLE_DEBUG_INFO = NO;
				SDKROOT = iphoneos;
				TARGETED_DEVICE_FAMILY = 2;
				VALIDATE_PRODUCT = YES;
			};
			name = Release;
		};
		F8A5F7541D4F218D000BC271 /* Debug */ = {
			isa = XCBuildConfiguration;
			buildSettings = {
				ASSETCATALOG_COMPILER_APPICON_NAME = AppIcon;
				INFOPLIST_FILE = RetainCycle/Info.plist;
				LD_RUNPATH_SEARCH_PATHS = "$(inherited) @executable_path/Frameworks";
				PRODUCT_BUNDLE_IDENTIFIER = btl.RetainCycle;
				PRODUCT_NAME = "$(TARGET_NAME)";
			};
			name = Debug;
		};
		F8A5F7551D4F218D000BC271 /* Release */ = {
			isa = XCBuildConfiguration;
			buildSettings = {
				ASSETCATALOG_COMPILER_APPICON_NAME = AppIcon;
				INFOPLIST_FILE = RetainCycle/Info.plist;
				LD_RUNPATH_SEARCH_PATHS = "$(inherited) @executable_path/Frameworks";
				PRODUCT_BUNDLE_IDENTIFIER = btl.RetainCycle;
				PRODUCT_NAME = "$(TARGET_NAME)";
			};
			name = Release;
		};
/* End XCBuildConfiguration section */

/* Begin XCConfigurationList section */
		F8A5F7371D4F218C000BC271 /* Build configuration list for PBXProject "RetainCycle" */ = {
			isa = XCConfigurationList;
			buildConfigurations = (
				F8A5F7511D4F218D000BC271 /* Debug */,
				F8A5F7521D4F218D000BC271 /* Release */,
			);
			defaultConfigurationIsVisible = 0;
			defaultConfigurationName = Release;
		};
		F8A5F7531D4F218D000BC271 /* Build configuration list for PBXNativeTarget "RetainCycle" */ = {
			isa = XCConfigurationList;
			buildConfigurations = (
				F8A5F7541D4F218D000BC271 /* Debug */,
				F8A5F7551D4F218D000BC271 /* Release */,
			);
			defaultConfigurationIsVisible = 0;
		};
/* End XCConfigurationList section */
	};
	rootObject = F8A5F7341D4F218C000BC271 /* Project object */;
}
